
Microsoft Visual Studio Solution File, Format Version 10.00
# Visual Studio 2008
Project("{FAE04EC0-301F-11D3-BF4B-00C04F79EFBC}") = "WinServ", "WinServ\WinServ.csproj", "{0FBAB5EB-64F4-4D98-8273-9FA8B89A98A0}"
EndProject
Project("{FAE04EC0-301F-11D3-BF4B-00C04F79EFBC}") = "HelpDeskMailReader", "HelpDeskMailReader\HelpDeskMailReader.csproj", "{16354066-0BEF-48F3-BAD2-0CAB46CD6D7F}"
EndProject
Global
	GlobalSection(SolutionConfigurationPlatforms) = preSolution
		Debug|Any CPU = Debug|Any CPU
		Release|Any CPU = Release|Any CPU
	EndGlobalSection
	GlobalSection(ProjectConfigurationPlatforms) = postSolution
		{0FBAB5EB-64F4-4D98-8273-9FA8B89A98A0}.Debug|Any CPU.ActiveCfg = Debug|Any CPU
		{0FBAB5EB-64F4-4D98-8273-9FA8B89A98A0}.Debug|Any CPU.Build.0 = Debug|Any CPU
		{0FBAB5EB-64F4-4D98-8273-9FA8B89A98A0}.Release|Any CPU.ActiveCfg = Release|Any CPU
		{0FBAB5EB-64F4-4D98-8273-9FA8B89A98A0}.Release|Any CPU.Build.0 = Release|Any CPU
		{16354066-0BEF-48F3-BAD2-0CAB46CD6D7F}.Debug|Any CPU.ActiveCfg = Debug|Any CPU
		{16354066-0BEF-48F3-BAD2-0CAB46CD6D7F}.Debug|Any CPU.Build.0 = Debug|Any CPU
		{16354066-0BEF-48F3-BAD2-0CAB46CD6D7F}.Release|Any CPU.ActiveCfg = Release|Any CPU
		{16354066-0BEF-48F3-BAD2-0CAB46CD6D7F}.Release|Any CPU.Build.0 = Release|Any CPU
	EndGlobalSection
	GlobalSection(SolutionProperties) = preSolution
		HideSolutionNode = FALSE
	EndGlobalSection
EndGlobal
